{
  "pins" : [
    {
      "identity" : "rhcachestore",
      "kind" : "remoteSourceControl",
      "location" : "https://github.com/HsinChungHan/RHCacheStore.git",
      "state" : {
        "branch" : "main",
        "revision" : "f2501196bfda9ea3a3370a43c0d9f93526b942ea"
      }
    },
    {
      "identity" : "rhcachestoreapi",
      "kind" : "remoteSourceControl",
      "location" : "https://github.com/HsinChungHan/RHCacheStoreAPI.git",
      "state" : {
        "branch" : "main",
        "revision" : "4ffc16b15cd1925a8eccaa05dd02ff2f64b1f6f2"
      }
    },
    {
      "identity" : "rhinterface",
      "kind" : "remoteSourceControl",
      "location" : "https://github.com/HsinChungHan/RHInterface.git",
      "state" : {
        "branch" : "main",
        "revision" : "d2e7a0018154d93574ea999ccb9cf2e7f97dd9de"
      }
    },
    {
      "identity" : "rhnetwork",
      "kind" : "remoteSourceControl",
      "location" : "https://github.com/HsinChungHan/RHNetwork.git",
      "state" : {
        "branch" : "main",
        "revision" : "d0e653227670d9025681ab400fabd19ea7f3f4b6"
      }
    },
    {
      "identity" : "rhnetworkapi",
      "kind" : "remoteSourceControl",
      "location" : "https://github.com/HsinChungHan/RHNetworkAPI.git",
      "state" : {
        "branch" : "main",
        "revision" : "7ca45548f78575e9717866f88d81736a9ee912cb"
      }
    },
    {
      "identity" : "rhuicomponent",
      "kind" : "remoteSourceControl",
      "location" : "https://github.com/HsinChungHan/RHUIComponent.git",
      "state" : {
        "branch" : "main",
        "revision" : "6f668ff16f129087e5e9f2eceacbf46188fa63c7"
      }
    },
    {
      "identity" : "snapkit",
      "kind" : "remoteSourceControl",
      "location" : "https://github.com/SnapKit/SnapKit",
      "state" : {
        "branch" : "main",
        "revision" : "f222cbdf325885926566172f6f5f06af95473158"
      }
    }
  ],
  "version" : 2
}
